
Microsoft Visual Studio Solution File, Format Version 12.00
# Visual Studio Version 17
VisualStudioVersion = 17.2.32616.157
MinimumVisualStudioVersion = 10.0.40219.1
Project("{9A19103F-16F7-4668-BE54-9A1E7A4F7556}") = "DataAccess", "DataAccess\DataAccess.csproj", "{251EC909-65B0-4270-9B51-D859F43EE258}"
EndProject
Project("{9A19103F-16F7-4668-BE54-9A1E7A4F7556}") = "BusinessObject", "BusinessObject\BusinessObject.csproj", "{A3649CD9-037F-4725-8EF4-D8E34D2D2AB2}"
EndProject
Project("{9A19103F-16F7-4668-BE54-9A1E7A4F7556}") = "SalesWinApp", "SalesWinApp\SalesWinApp.csproj", "{C7B2A2A6-1121-45E7-AAAE-236E1C64EC82}"
EndProject
Project("{2150E333-8FDC-42A3-9474-1A3956D46DE8}") = "Data Layer", "Data Layer", "{D08CA459-1DC5-46B6-902A-4C8657DB2DA2}"
EndProject
Project("{2150E333-8FDC-42A3-9474-1A3956D46DE8}") = "Business Layer", "Business Layer", "{D7672C87-6B15-4B1A-90F7-B50326A355CF}"
EndProject
Project("{2150E333-8FDC-42A3-9474-1A3956D46DE8}") = "Presentation Layer", "Presentation Layer", "{369536C3-090C-43A8-959B-FD7A22E8DA86}"
EndProject
Global
	GlobalSection(SolutionConfigurationPlatforms) = preSolution
		Debug|Any CPU = Debug|Any CPU
		Release|Any CPU = Release|Any CPU
	EndGlobalSection
	GlobalSection(ProjectConfigurationPlatforms) = postSolution
		{251EC909-65B0-4270-9B51-D859F43EE258}.Debug|Any CPU.ActiveCfg = Debug|Any CPU
		{251EC909-65B0-4270-9B51-D859F43EE258}.Debug|Any CPU.Build.0 = Debug|Any CPU
		{251EC909-65B0-4270-9B51-D859F43EE258}.Release|Any CPU.ActiveCfg = Release|Any CPU
		{251EC909-65B0-4270-9B51-D859F43EE258}.Release|Any CPU.Build.0 = Release|Any CPU
		{A3649CD9-037F-4725-8EF4-D8E34D2D2AB2}.Debug|Any CPU.ActiveCfg = Debug|Any CPU
		{A3649CD9-037F-4725-8EF4-D8E34D2D2AB2}.Debug|Any CPU.Build.0 = Debug|Any CPU
		{A3649CD9-037F-4725-8EF4-D8E34D2D2AB2}.Release|Any CPU.ActiveCfg = Release|Any CPU
		{A3649CD9-037F-4725-8EF4-D8E34D2D2AB2}.Release|Any CPU.Build.0 = Release|Any CPU
		{C7B2A2A6-1121-45E7-AAAE-236E1C64EC82}.Debug|Any CPU.ActiveCfg = Debug|Any CPU
		{C7B2A2A6-1121-45E7-AAAE-236E1C64EC82}.Debug|Any CPU.Build.0 = Debug|Any CPU
		{C7B2A2A6-1121-45E7-AAAE-236E1C64EC82}.Release|Any CPU.ActiveCfg = Release|Any CPU
		{C7B2A2A6-1121-45E7-AAAE-236E1C64EC82}.Release|Any CPU.Build.0 = Release|Any CPU
	EndGlobalSection
	GlobalSection(SolutionProperties) = preSolution
		HideSolutionNode = FALSE
	EndGlobalSection
	GlobalSection(NestedProjects) = preSolution
		{251EC909-65B0-4270-9B51-D859F43EE258} = {D08CA459-1DC5-46B6-902A-4C8657DB2DA2}
		{A3649CD9-037F-4725-8EF4-D8E34D2D2AB2} = {D7672C87-6B15-4B1A-90F7-B50326A355CF}
		{C7B2A2A6-1121-45E7-AAAE-236E1C64EC82} = {369536C3-090C-43A8-959B-FD7A22E8DA86}
	EndGlobalSection
	GlobalSection(ExtensibilityGlobals) = postSolution
		SolutionGuid = {CB6513DF-42D3-4412-A4BA-03EDF5AFDA1F}
	EndGlobalSection
EndGlobal
